
Microsoft Visual Studio Solution File, Format Version 12.00
# Visual Studio 14
VisualStudioVersion = 14.0.25420.1
MinimumVisualStudioVersion = 10.0.40219.1
Project("{8BC9CEB8-8B4A-11D0-8D11-00A0C91BC942}") = "aCmmLib", "aCmmLib\aCmmLib.vcxproj", "{1D7897B7-0110-4C88-8AF8-139B86FF685A}"
	ProjectSection(ProjectDependencies) = postProject
		{85F83C4D-5BE6-4741-A305-E1E02CB4253E} = {85F83C4D-5BE6-4741-A305-E1E02CB4253E}
	EndProjectSection
EndProject
Project("{8BC9CEB8-8B4A-11D0-8D11-00A0C91BC942}") = "eMessage", "eMessage\eMessage.vcxproj", "{A16C2FF8-9753-4721-80A4-5432CA83B241}"
EndProject
Project("{8BC9CEB8-8B4A-11D0-8D11-00A0C91BC942}") = "install", "Install\Install.vcxproj", "{3E142E17-4E04-464F-A550-507F022271C9}"
EndProject
Project("{8BC9CEB8-8B4A-11D0-8D11-00A0C91BC942}") = "PrintHelper", "PrintHelper\PrintHelper.vcxproj", "{914F7D87-2378-4303-8056-1CD0CBC2FE20}"
	ProjectSection(ProjectDependencies) = postProject
		{1D7897B7-0110-4C88-8AF8-139B86FF685A} = {1D7897B7-0110-4C88-8AF8-139B86FF685A}
	EndProjectSection
EndProject
Project("{8BC9CEB8-8B4A-11D0-8D11-00A0C91BC942}") = "eSQLiteInf", "eSQLiteInf\eSQLiteInf.vcxproj", "{C07D2FF0-272C-4402-9548-628F2F08BE24}"
	ProjectSection(ProjectDependencies) = postProject
		{1D7897B7-0110-4C88-8AF8-139B86FF685A} = {1D7897B7-0110-4C88-8AF8-139B86FF685A}
		{A16C2FF8-9753-4721-80A4-5432CA83B241} = {A16C2FF8-9753-4721-80A4-5432CA83B241}
	EndProjectSection
EndProject
Project("{8BC9CEB8-8B4A-11D0-8D11-00A0C91BC942}") = "EncryptLib", "EncryptLib\EncryptLib.vcxproj", "{85F83C4D-5BE6-4741-A305-E1E02CB4253E}"
	ProjectSection(ProjectDependencies) = postProject
		{74E67192-1C0B-48B1-A08E-19D028A2FFFE} = {74E67192-1C0B-48B1-A08E-19D028A2FFFE}
	EndProjectSection
EndProject
Project("{8BC9CEB8-8B4A-11D0-8D11-00A0C91BC942}") = "ISecDBHelper", "ISecDBHelper\ISecDBHelper.vcxproj", "{3AFA3FCC-4F6D-445D-8555-0928E3BA231F}"
EndProject
Project("{8BC9CEB8-8B4A-11D0-8D11-00A0C91BC942}") = "DbBackupConfig", "DbBackupConfig\DbBackupConfig.vcxproj", "{D826F80B-E7EB-4D94-8EA1-4E91A8BC6F3D}"
	ProjectSection(ProjectDependencies) = postProject
		{85F83C4D-5BE6-4741-A305-E1E02CB4253E} = {85F83C4D-5BE6-4741-A305-E1E02CB4253E}
	EndProjectSection
EndProject
Project("{8BC9CEB8-8B4A-11D0-8D11-00A0C91BC942}") = "iPrintableDocumentDeal", "iPrintableDocumentDeal\iPrintableDocumentDeal.vcxproj", "{567905C8-5B3E-4D3A-8EEC-611AF68A4EA7}"
EndProject
Project("{8BC9CEB8-8B4A-11D0-8D11-00A0C91BC942}") = "CurlWrapLib", "CurlWrapLib\CurlWrapLib.vcxproj", "{4A37E4BD-7242-4EB4-BCED-D9F76DA19950}"
	ProjectSection(ProjectDependencies) = postProject
		{74E67192-1C0B-48B1-A08E-19D028A2FFFE} = {74E67192-1C0B-48B1-A08E-19D028A2FFFE}
	EndProjectSection
EndProject
Project("{8BC9CEB8-8B4A-11D0-8D11-00A0C91BC942}") = "ZLibWrapLib", "ZLibWrapLib\ZLibWrapLib.vcxproj", "{74E67192-1C0B-48B1-A08E-19D028A2FFFE}"
EndProject
Project("{8BC9CEB8-8B4A-11D0-8D11-00A0C91BC942}") = "PackMacPrinterClient", "PackMacPrinterClient\PackMacPrinterClient.vcxproj", "{3583CBD1-FA82-4A26-BF41-B4BF421180F9}"
EndProject
Project("{8BC9CEB8-8B4A-11D0-8D11-00A0C91BC942}") = "iSecFtpSvr", "iSecFtpSvr\iSecFtpSvr.vcxproj", "{06EF787B-A2B5-4D63-9B1B-C5614640D8B6}"
	ProjectSection(ProjectDependencies) = postProject
		{85F83C4D-5BE6-4741-A305-E1E02CB4253E} = {85F83C4D-5BE6-4741-A305-E1E02CB4253E}
	EndProjectSection
EndProject
Project("{8BC9CEB8-8B4A-11D0-8D11-00A0C91BC942}") = "Public", "Public\Public.vcxproj", "{7C3F0FB9-C27A-47BB-9654-82969E786F0B}"
EndProject
Project("{8BC9CEB8-8B4A-11D0-8D11-00A0C91BC942}") = "log4zLib", "log4zLib\log4zLib.vcxproj", "{6DBB67D3-1324-4475-A01B-7F1887C34557}"
EndProject
Project("{8BC9CEB8-8B4A-11D0-8D11-00A0C91BC942}") = "PrintFileTest", "PrintFileTest\PrintFileTest.vcxproj", "{B12702AD-ABFB-343A-A199-8E24837244A3}"
EndProject
Project("{8BC9CEB8-8B4A-11D0-8D11-00A0C91BC942}") = "ServiceHostTest", "iSecModuleHost\iSecModuleHost.vcxproj", "{E334ABA1-FD54-4012-BE5F-447602087873}"
EndProject
Project("{8BC9CEB8-8B4A-11D0-8D11-00A0C91BC942}") = "mfcexetest", "mfcexetest\mfcexetest.vcxproj", "{625B5641-F345-4584-A964-9317E7F4D86D}"
EndProject
Global
	GlobalSection(SolutionConfigurationPlatforms) = preSolution
		Debug|Win32 = Debug|Win32
		Debug|x64 = Debug|x64
		Release|Win32 = Release|Win32
		Release|x64 = Release|x64
	EndGlobalSection
	GlobalSection(ProjectConfigurationPlatforms) = postSolution
		{1D7897B7-0110-4C88-8AF8-139B86FF685A}.Debug|Win32.ActiveCfg = Debug|Win32
		{1D7897B7-0110-4C88-8AF8-139B86FF685A}.Debug|Win32.Build.0 = Debug|Win32
		{1D7897B7-0110-4C88-8AF8-139B86FF685A}.Debug|x64.ActiveCfg = Debug|Win32
		{1D7897B7-0110-4C88-8AF8-139B86FF685A}.Release|Win32.ActiveCfg = Release|Win32
		{1D7897B7-0110-4C88-8AF8-139B86FF685A}.Release|Win32.Build.0 = Release|Win32
		{1D7897B7-0110-4C88-8AF8-139B86FF685A}.Release|x64.ActiveCfg = Release|Win32
		{A16C2FF8-9753-4721-80A4-5432CA83B241}.Debug|Win32.ActiveCfg = Debug|Win32
		{A16C2FF8-9753-4721-80A4-5432CA83B241}.Debug|Win32.Build.0 = Debug|Win32
		{A16C2FF8-9753-4721-80A4-5432CA83B241}.Debug|x64.ActiveCfg = Debug|Win32
		{A16C2FF8-9753-4721-80A4-5432CA83B241}.Release|Win32.ActiveCfg = Release|Win32
		{A16C2FF8-9753-4721-80A4-5432CA83B241}.Release|Win32.Build.0 = Release|Win32
		{A16C2FF8-9753-4721-80A4-5432CA83B241}.Release|x64.ActiveCfg = Release|Win32
		{3E142E17-4E04-464F-A550-507F022271C9}.Debug|Win32.ActiveCfg = Debug|Win32
		{3E142E17-4E04-464F-A550-507F022271C9}.Debug|Win32.Build.0 = Debug|Win32
		{3E142E17-4E04-464F-A550-507F022271C9}.Debug|x64.ActiveCfg = Debug|x64
		{3E142E17-4E04-464F-A550-507F022271C9}.Debug|x64.Build.0 = Debug|x64
		{3E142E17-4E04-464F-A550-507F022271C9}.Release|Win32.ActiveCfg = Release|Win32
		{3E142E17-4E04-464F-A550-507F022271C9}.Release|Win32.Build.0 = Release|Win32
		{3E142E17-4E04-464F-A550-507F022271C9}.Release|x64.ActiveCfg = Release|x64
		{3E142E17-4E04-464F-A550-507F022271C9}.Release|x64.Build.0 = Release|x64
		{914F7D87-2378-4303-8056-1CD0CBC2FE20}.Debug|Win32.ActiveCfg = Debug|Win32
		{914F7D87-2378-4303-8056-1CD0CBC2FE20}.Debug|Win32.Build.0 = Debug|Win32
		{914F7D87-2378-4303-8056-1CD0CBC2FE20}.Debug|x64.ActiveCfg = Debug|Win32
		{914F7D87-2378-4303-8056-1CD0CBC2FE20}.Release|Win32.ActiveCfg = Release|Win32
		{914F7D87-2378-4303-8056-1CD0CBC2FE20}.Release|Win32.Build.0 = Release|Win32
		{914F7D87-2378-4303-8056-1CD0CBC2FE20}.Release|x64.ActiveCfg = Release|Win32
		{C07D2FF0-272C-4402-9548-628F2F08BE24}.Debug|Win32.ActiveCfg = Debug|Win32
		{C07D2FF0-272C-4402-9548-628F2F08BE24}.Debug|Win32.Build.0 = Debug|Win32
		{C07D2FF0-272C-4402-9548-628F2F08BE24}.Debug|x64.ActiveCfg = Debug|Win32
		{C07D2FF0-272C-4402-9548-628F2F08BE24}.Release|Win32.ActiveCfg = Release|Win32
		{C07D2FF0-272C-4402-9548-628F2F08BE24}.Release|Win32.Build.0 = Release|Win32
		{C07D2FF0-272C-4402-9548-628F2F08BE24}.Release|x64.ActiveCfg = Release|Win32
		{85F83C4D-5BE6-4741-A305-E1E02CB4253E}.Debug|Win32.ActiveCfg = Debug|Win32
		{85F83C4D-5BE6-4741-A305-E1E02CB4253E}.Debug|Win32.Build.0 = Debug|Win32
		{85F83C4D-5BE6-4741-A305-E1E02CB4253E}.Debug|x64.ActiveCfg = Debug|Win32
		{85F83C4D-5BE6-4741-A305-E1E02CB4253E}.Release|Win32.ActiveCfg = Release|Win32
		{85F83C4D-5BE6-4741-A305-E1E02CB4253E}.Release|Win32.Build.0 = Release|Win32
		{85F83C4D-5BE6-4741-A305-E1E02CB4253E}.Release|x64.ActiveCfg = Release|Win32
		{3AFA3FCC-4F6D-445D-8555-0928E3BA231F}.Debug|Win32.ActiveCfg = Debug|Win32
		{3AFA3FCC-4F6D-445D-8555-0928E3BA231F}.Debug|Win32.Build.0 = Debug|Win32
		{3AFA3FCC-4F6D-445D-8555-0928E3BA231F}.Debug|x64.ActiveCfg = Debug|Win32
		{3AFA3FCC-4F6D-445D-8555-0928E3BA231F}.Release|Win32.ActiveCfg = Release|Win32
		{3AFA3FCC-4F6D-445D-8555-0928E3BA231F}.Release|Win32.Build.0 = Release|Win32
		{3AFA3FCC-4F6D-445D-8555-0928E3BA231F}.Release|x64.ActiveCfg = Release|Win32
		{D826F80B-E7EB-4D94-8EA1-4E91A8BC6F3D}.Debug|Win32.ActiveCfg = Debug|Win32
		{D826F80B-E7EB-4D94-8EA1-4E91A8BC6F3D}.Debug|Win32.Build.0 = Debug|Win32
		{D826F80B-E7EB-4D94-8EA1-4E91A8BC6F3D}.Debug|x64.ActiveCfg = Debug|Win32
		{D826F80B-E7EB-4D94-8EA1-4E91A8BC6F3D}.Release|Win32.ActiveCfg = Release|Win32
		{D826F80B-E7EB-4D94-8EA1-4E91A8BC6F3D}.Release|Win32.Build.0 = Release|Win32
		{D826F80B-E7EB-4D94-8EA1-4E91A8BC6F3D}.Release|x64.ActiveCfg = Release|Win32
		{567905C8-5B3E-4D3A-8EEC-611AF68A4EA7}.Debug|Win32.ActiveCfg = Debug|Win32
		{567905C8-5B3E-4D3A-8EEC-611AF68A4EA7}.Debug|Win32.Build.0 = Debug|Win32
		{567905C8-5B3E-4D3A-8EEC-611AF68A4EA7}.Debug|x64.ActiveCfg = Debug|Win32
		{567905C8-5B3E-4D3A-8EEC-611AF68A4EA7}.Release|Win32.ActiveCfg = Release|Win32
		{567905C8-5B3E-4D3A-8EEC-611AF68A4EA7}.Release|Win32.Build.0 = Release|Win32
		{567905C8-5B3E-4D3A-8EEC-611AF68A4EA7}.Release|x64.ActiveCfg = Release|Win32
		{4A37E4BD-7242-4EB4-BCED-D9F76DA19950}.Debug|Win32.ActiveCfg = Debug|Win32
		{4A37E4BD-7242-4EB4-BCED-D9F76DA19950}.Debug|Win32.Build.0 = Debug|Win32
		{4A37E4BD-7242-4EB4-BCED-D9F76DA19950}.Debug|x64.ActiveCfg = Debug|Win32
		{4A37E4BD-7242-4EB4-BCED-D9F76DA19950}.Release|Win32.ActiveCfg = Release|Win32
		{4A37E4BD-7242-4EB4-BCED-D9F76DA19950}.Release|Win32.Build.0 = Release|Win32
		{4A37E4BD-7242-4EB4-BCED-D9F76DA19950}.Release|x64.ActiveCfg = Release|Win32
		{74E67192-1C0B-48B1-A08E-19D028A2FFFE}.Debug|Win32.ActiveCfg = Debug|Win32
		{74E67192-1C0B-48B1-A08E-19D028A2FFFE}.Debug|Win32.Build.0 = Debug|Win32
		{74E67192-1C0B-48B1-A08E-19D028A2FFFE}.Debug|x64.ActiveCfg = Debug|Win32
		{74E67192-1C0B-48B1-A08E-19D028A2FFFE}.Release|Win32.ActiveCfg = Release|Win32
		{74E67192-1C0B-48B1-A08E-19D028A2FFFE}.Release|Win32.Build.0 = Release|Win32
		{74E67192-1C0B-48B1-A08E-19D028A2FFFE}.Release|x64.ActiveCfg = Release|Win32
		{3583CBD1-FA82-4A26-BF41-B4BF421180F9}.Debug|Win32.ActiveCfg = Debug|Win32
		{3583CBD1-FA82-4A26-BF41-B4BF421180F9}.Debug|Win32.Build.0 = Debug|Win32
		{3583CBD1-FA82-4A26-BF41-B4BF421180F9}.Debug|x64.ActiveCfg = Debug|Win32
		{3583CBD1-FA82-4A26-BF41-B4BF421180F9}.Release|Win32.ActiveCfg = Release|Win32
		{3583CBD1-FA82-4A26-BF41-B4BF421180F9}.Release|Win32.Build.0 = Release|Win32
		{3583CBD1-FA82-4A26-BF41-B4BF421180F9}.Release|x64.ActiveCfg = Release|Win32
		{06EF787B-A2B5-4D63-9B1B-C5614640D8B6}.Debug|Win32.ActiveCfg = Debug|Win32
		{06EF787B-A2B5-4D63-9B1B-C5614640D8B6}.Debug|Win32.Build.0 = Debug|Win32
		{06EF787B-A2B5-4D63-9B1B-C5614640D8B6}.Debug|x64.ActiveCfg = Debug|Win32
		{06EF787B-A2B5-4D63-9B1B-C5614640D8B6}.Release|Win32.ActiveCfg = Release|Win32
		{06EF787B-A2B5-4D63-9B1B-C5614640D8B6}.Release|Win32.Build.0 = Release|Win32
		{06EF787B-A2B5-4D63-9B1B-C5614640D8B6}.Release|x64.ActiveCfg = Release|Win32
		{7C3F0FB9-C27A-47BB-9654-82969E786F0B}.Debug|Win32.ActiveCfg = Debug|Win32
		{7C3F0FB9-C27A-47BB-9654-82969E786F0B}.Debug|Win32.Build.0 = Debug|Win32
		{7C3F0FB9-C27A-47BB-9654-82969E786F0B}.Debug|x64.ActiveCfg = Debug|x64
		{7C3F0FB9-C27A-47BB-9654-82969E786F0B}.Debug|x64.Build.0 = Debug|x64
		{7C3F0FB9-C27A-47BB-9654-82969E786F0B}.Release|Win32.ActiveCfg = Release|Win32
		{7C3F0FB9-C27A-47BB-9654-82969E786F0B}.Release|Win32.Build.0 = Release|Win32
		{7C3F0FB9-C27A-47BB-9654-82969E786F0B}.Release|x64.ActiveCfg = Release|x64
		{7C3F0FB9-C27A-47BB-9654-82969E786F0B}.Release|x64.Build.0 = Release|x64
		{6DBB67D3-1324-4475-A01B-7F1887C34557}.Debug|Win32.ActiveCfg = Debug|Win32
		{6DBB67D3-1324-4475-A01B-7F1887C34557}.Debug|Win32.Build.0 = Debug|Win32
		{6DBB67D3-1324-4475-A01B-7F1887C34557}.Debug|x64.ActiveCfg = Debug|x64
		{6DBB67D3-1324-4475-A01B-7F1887C34557}.Debug|x64.Build.0 = Debug|x64
		{6DBB67D3-1324-4475-A01B-7F1887C34557}.Release|Win32.ActiveCfg = Release|Win32
		{6DBB67D3-1324-4475-A01B-7F1887C34557}.Release|Win32.Build.0 = Release|Win32
		{6DBB67D3-1324-4475-A01B-7F1887C34557}.Release|x64.ActiveCfg = Release|x64
		{6DBB67D3-1324-4475-A01B-7F1887C34557}.Release|x64.Build.0 = Release|x64
		{B12702AD-ABFB-343A-A199-8E24837244A3}.Debug|Win32.ActiveCfg = Debug|Win32
		{B12702AD-ABFB-343A-A199-8E24837244A3}.Debug|Win32.Build.0 = Debug|Win32
		{B12702AD-ABFB-343A-A199-8E24837244A3}.Debug|x64.ActiveCfg = Debug|Win32
		{B12702AD-ABFB-343A-A199-8E24837244A3}.Release|Win32.ActiveCfg = Release|Win32
		{B12702AD-ABFB-343A-A199-8E24837244A3}.Release|Win32.Build.0 = Release|Win32
		{B12702AD-ABFB-343A-A199-8E24837244A3}.Release|x64.ActiveCfg = Release|Win32
		{E334ABA1-FD54-4012-BE5F-447602087873}.Debug|Win32.ActiveCfg = Debug|Win32
		{E334ABA1-FD54-4012-BE5F-447602087873}.Debug|Win32.Build.0 = Debug|Win32
		{E334ABA1-FD54-4012-BE5F-447602087873}.Debug|x64.ActiveCfg = Debug|x64
		{E334ABA1-FD54-4012-BE5F-447602087873}.Debug|x64.Build.0 = Debug|x64
		{E334ABA1-FD54-4012-BE5F-447602087873}.Release|Win32.ActiveCfg = Release|Win32
		{E334ABA1-FD54-4012-BE5F-447602087873}.Release|Win32.Build.0 = Release|Win32
		{E334ABA1-FD54-4012-BE5F-447602087873}.Release|x64.ActiveCfg = Release|x64
		{E334ABA1-FD54-4012-BE5F-447602087873}.Release|x64.Build.0 = Release|x64
		{625B5641-F345-4584-A964-9317E7F4D86D}.Debug|Win32.ActiveCfg = Debug|Win32
		{625B5641-F345-4584-A964-9317E7F4D86D}.Debug|Win32.Build.0 = Debug|Win32
		{625B5641-F345-4584-A964-9317E7F4D86D}.Debug|x64.ActiveCfg = Debug|x64
		{625B5641-F345-4584-A964-9317E7F4D86D}.Debug|x64.Build.0 = Debug|x64
		{625B5641-F345-4584-A964-9317E7F4D86D}.Release|Win32.ActiveCfg = Release|Win32
		{625B5641-F345-4584-A964-9317E7F4D86D}.Release|Win32.Build.0 = Release|Win32
		{625B5641-F345-4584-A964-9317E7F4D86D}.Release|x64.ActiveCfg = Release|x64
		{625B5641-F345-4584-A964-9317E7F4D86D}.Release|x64.Build.0 = Release|x64
	EndGlobalSection
	GlobalSection(SolutionProperties) = preSolution
		HideSolutionNode = FALSE
	EndGlobalSection
EndGlobal
