<?xml version="1.0" encoding="utf-8"?>
<Project ToolsVersion="4.0" xmlns="http://schemas.microsoft.com/developer/msbuild/2003">
  <ItemGroup>
    <Filter Include="Source Files">
      <UniqueIdentifier>{4FC737F1-C7A5-4376-A066-2A32D752A2FF}</UniqueIdentifier>
      <Extensions>cpp;cxx;c;def</Extensions>
    </Filter>
    <Filter Include="Header Files">
      <UniqueIdentifier>{93995380-89BD-4b04-88EB-625FBE52EBFB}</UniqueIdentifier>
      <Extensions>h</Extensions>
    </Filter>
    <Filter Include="Form Files">
      <UniqueIdentifier>{99349809-55BA-4b9d-BF79-8FDBB0286EB3}</UniqueIdentifier>
      <Extensions>ui</Extensions>
    </Filter>
    <Filter Include="Resource Files">
      <UniqueIdentifier>{D9D6E242-F8AF-46E4-B9FD-80ECBC20BA3E}</UniqueIdentifier>
      <Extensions>qrc;*</Extensions>
      <ParseFiles>false</ParseFiles>
    </Filter>
    <Filter Include="Generated Files">
      <UniqueIdentifier>{71ED8ED8-ACB9-4CE9-BBE1-E00B30144E11}</UniqueIdentifier>
      <Extensions>moc;h;cpp</Extensions>
      <SourceControlFiles>False</SourceControlFiles>
    </Filter>
    <Filter Include="Generated Files\Release">
      <UniqueIdentifier>{e263d54d-a2d0-4602-8e1b-3773569ec0b8}</UniqueIdentifier>
      <Extensions>cpp;moc</Extensions>
      <SourceControlFiles>False</SourceControlFiles>
    </Filter>
    <Filter Include="Generated Files\Debug">
      <UniqueIdentifier>{ec1c84f6-b86a-43c7-8e13-989931e02542}</UniqueIdentifier>
      <Extensions>cpp;moc</Extensions>
      <SourceControlFiles>False</SourceControlFiles>
    </Filter>
    <Filter Include="WebService">
      <UniqueIdentifier>{bc10e3a2-c33b-4730-90ba-bcfbd2c7396b}</UniqueIdentifier>
    </Filter>
    <Filter Include="FileHelper">
      <UniqueIdentifier>{96efd2cf-5190-4b5b-9c53-3fff02001929}</UniqueIdentifier>
    </Filter>
  </ItemGroup>
  <ItemGroup>
    <ClCompile Include="CloudDocDeal.cpp">
      <Filter>Source Files</Filter>
    </ClCompile>
    <ClCompile Include="CloudDocDealHelperThread.cpp">
      <Filter>Source Files</Filter>
    </ClCompile>
    <ClCompile Include="CloudDocDealMgr.cpp">
      <Filter>Source Files</Filter>
    </ClCompile>
    <ClCompile Include="CloudDocDealThread.cpp">
      <Filter>Source Files</Filter>
    </ClCompile>
    <ClCompile Include="CommonDataMgr.cpp">
      <Filter>Source Files</Filter>
    </ClCompile>
    <ClCompile Include="DbOperateHelper.cpp">
      <Filter>Source Files</Filter>
    </ClCompile>
    <ClCompile Include="FileStorageHelper.cpp">
      <Filter>Source Files</Filter>
    </ClCompile>
    <ClCompile Include="iSecCloudDocHelper.cpp">
      <Filter>Source Files</Filter>
    </ClCompile>
    <ClCompile Include="main.cpp">
      <Filter>Source Files</Filter>
    </ClCompile>
    <ClCompile Include="MainThread.cpp">
      <Filter>Source Files</Filter>
    </ClCompile>
    <ClCompile Include="stdafx.cpp">
      <Filter>Source Files</Filter>
    </ClCompile>
    <ClCompile Include="GeneratedFiles\qrc_iSecCloudDocHelper.cpp">
      <Filter>Generated Files</Filter>
    </ClCompile>
    <ClCompile Include="GeneratedFiles\Release\moc_iSecCloudDocHelper.cpp">
      <Filter>Generated Files\Release</Filter>
    </ClCompile>
    <ClCompile Include="GeneratedFiles\Release\moc_MainThread.cpp">
      <Filter>Generated Files\Release</Filter>
    </ClCompile>
    <ClCompile Include="GeneratedFiles\Debug\moc_iSecCloudDocHelper.cpp">
      <Filter>Generated Files\Debug</Filter>
    </ClCompile>
    <ClCompile Include="GeneratedFiles\Debug\moc_MainThread.cpp">
      <Filter>Generated Files\Debug</Filter>
    </ClCompile>
    <ClCompile Include="..\WebService\HttpClient.cpp">
      <Filter>WebService</Filter>
    </ClCompile>
    <ClCompile Include="..\WebService\WebServiceHelper.cpp">
      <Filter>WebService</Filter>
    </ClCompile>
    <ClCompile Include="..\WebService\FileHelper.cpp">
      <Filter>FileHelper</Filter>
    </ClCompile>
  </ItemGroup>
  <ItemGroup>
    <ClInclude Include="CloudDocDeal.h">
      <Filter>Header Files</Filter>
    </ClInclude>
    <ClInclude Include="CloudDocDealHelperThread.h">
      <Filter>Header Files</Filter>
    </ClInclude>
    <ClInclude Include="CloudDocDealMgr.h">
      <Filter>Header Files</Filter>
    </ClInclude>
    <ClInclude Include="CloudDocDef.h">
      <Filter>Header Files</Filter>
    </ClInclude>
    <ClInclude Include="CommonDataMgr.h">
      <Filter>Header Files</Filter>
    </ClInclude>
    <ClInclude Include="DbOperateHelper.h">
      <Filter>Header Files</Filter>
    </ClInclude>
    <ClInclude Include="FileStorageHelper.h">
      <Filter>Header Files</Filter>
    </ClInclude>
    <ClInclude Include="stdafx.h">
      <Filter>Header Files</Filter>
    </ClInclude>
    <ClInclude Include="GeneratedFiles\ui_iSecCloudDocHelper.h">
      <Filter>Generated Files</Filter>
    </ClInclude>
    <ClInclude Include="..\WebService\HttpClient.h">
      <Filter>WebService</Filter>
    </ClInclude>
    <ClInclude Include="..\WebService\WebServiceHelper.h">
      <Filter>WebService</Filter>
    </ClInclude>
    <ClInclude Include="..\WebService\FileHelper.h">
      <Filter>FileHelper</Filter>
    </ClInclude>
  </ItemGroup>
  <ItemGroup>
    <ResourceCompile Include="iSecCloudDocHelper.rc" />
  </ItemGroup>
  <ItemGroup>
    <CustomBuild Include="CloudDocDealThread.h">
      <Filter>Header Files</Filter>
    </CustomBuild>
    <CustomBuild Include="iSecCloudDocHelper.h">
      <Filter>Header Files</Filter>
    </CustomBuild>
    <CustomBuild Include="MainThread.h">
      <Filter>Header Files</Filter>
    </CustomBuild>
    <CustomBuild Include="iSecCloudDocHelper.ui">
      <Filter>Form Files</Filter>
    </CustomBuild>
    <CustomBuild Include="Resources\iSecCloudDocHelper.ico">
      <Filter>Resource Files</Filter>
    </CustomBuild>
    <CustomBuild Include="iSecCloudDocHelper.qrc">
      <Filter>Resource Files</Filter>
    </CustomBuild>
    <CustomBuild Include="Resources\qt_zh_CN.qm">
      <Filter>Resource Files</Filter>
    </CustomBuild>
    <CustomBuild Include="Resources\quit.ico">
      <Filter>Resource Files</Filter>
    </CustomBuild>
    <CustomBuild Include="Resources\show.ico">
      <Filter>Resource Files</Filter>
    </CustomBuild>
  </ItemGroup>
</Project>