<?xml version="1.0" encoding="utf-8"?>
<Project ToolsVersion="4.0" xmlns="http://schemas.microsoft.com/developer/msbuild/2003">
  <ItemGroup>
    <Filter Include="commonfun">
      <UniqueIdentifier>{4FC737F1-C7A5-4376-A066-2A32D752A2FF}</UniqueIdentifier>
      <Extensions>cpp;c;cc;cxx;def;odl;idl;hpj;bat;asm;asmx</Extensions>
    </Filter>
    <Filter Include="pages">
      <UniqueIdentifier>{93995380-89BD-4b04-88EB-625FBE52EBFB}</UniqueIdentifier>
      <Extensions>h;hpp;hxx;hm;inl;inc;xsd</Extensions>
    </Filter>
    <Filter Include="资源文件">
      <UniqueIdentifier>{67DA6AB6-F800-4c08-8B7A-83BB121AAD01}</UniqueIdentifier>
      <Extensions>rc;ico;cur;bmp;dlg;rc2;rct;bin;rgs;gif;jpg;jpeg;jpe;resx;tiff;tif;png;wav</Extensions>
    </Filter>
    <Filter Include="datebase">
      <UniqueIdentifier>{15535d75-af31-4229-b736-797941032c96}</UniqueIdentifier>
    </Filter>
  </ItemGroup>
  <ItemGroup>
    <ClCompile Include="CommonFun.cpp">
      <Filter>commonfun</Filter>
    </ClCompile>
    <ClCompile Include="FileLog.cpp">
      <Filter>commonfun</Filter>
    </ClCompile>
    <ClCompile Include="RegistryEx.cpp">
      <Filter>commonfun</Filter>
    </ClCompile>
    <ClCompile Include="BackupPage.cpp">
      <Filter>pages</Filter>
    </ClCompile>
    <ClCompile Include="DbBackupConfig.cpp">
      <Filter>pages</Filter>
    </ClCompile>
    <ClCompile Include="DBBakSheet.cpp">
      <Filter>pages</Filter>
    </ClCompile>
    <ClCompile Include="LogPage.cpp">
      <Filter>pages</Filter>
    </ClCompile>
    <ClCompile Include="RestorePage.cpp">
      <Filter>pages</Filter>
    </ClCompile>
    <ClCompile Include="stdafx.cpp">
      <Filter>pages</Filter>
    </ClCompile>
    <ClCompile Include="Ado.cpp">
      <Filter>datebase</Filter>
    </ClCompile>
    <ClCompile Include="DBBackFun.cpp">
      <Filter>datebase</Filter>
    </ClCompile>
    <ClCompile Include="DbInstaller.cpp">
      <Filter>datebase</Filter>
    </ClCompile>
  </ItemGroup>
  <ItemGroup>
    <ClInclude Include="CommonFun.h">
      <Filter>commonfun</Filter>
    </ClInclude>
    <ClInclude Include="FileLog.h">
      <Filter>commonfun</Filter>
    </ClInclude>
    <ClInclude Include="RegistryEx.h">
      <Filter>commonfun</Filter>
    </ClInclude>
    <ClInclude Include="BackupPage.h">
      <Filter>pages</Filter>
    </ClInclude>
    <ClInclude Include="DbBackupConfig.h">
      <Filter>pages</Filter>
    </ClInclude>
    <ClInclude Include="DBBakSheet.h">
      <Filter>pages</Filter>
    </ClInclude>
    <ClInclude Include="LogPage.h">
      <Filter>pages</Filter>
    </ClInclude>
    <ClInclude Include="Resource.h">
      <Filter>pages</Filter>
    </ClInclude>
    <ClInclude Include="RestorePage.h">
      <Filter>pages</Filter>
    </ClInclude>
    <ClInclude Include="stdafx.h">
      <Filter>pages</Filter>
    </ClInclude>
    <ClInclude Include="targetver.h">
      <Filter>pages</Filter>
    </ClInclude>
    <ClInclude Include="Ado.h">
      <Filter>datebase</Filter>
    </ClInclude>
    <ClInclude Include="DBBackFun.h">
      <Filter>datebase</Filter>
    </ClInclude>
    <ClInclude Include="DbInstaller.h">
      <Filter>datebase</Filter>
    </ClInclude>
  </ItemGroup>
  <ItemGroup>
    <Image Include="res\bak.ico">
      <Filter>资源文件</Filter>
    </Image>
    <Image Include="res\DbBackupConfig.ico">
      <Filter>资源文件</Filter>
    </Image>
    <Image Include="res\icon1.ico">
      <Filter>资源文件</Filter>
    </Image>
    <Image Include="res\icon2.ico">
      <Filter>资源文件</Filter>
    </Image>
    <Image Include="res\view.ico">
      <Filter>资源文件</Filter>
    </Image>
  </ItemGroup>
  <ItemGroup>
    <ResourceCompile Include="DbBackupConfig.rc">
      <Filter>资源文件</Filter>
    </ResourceCompile>
  </ItemGroup>
  <ItemGroup>
    <None Include="res\DbBackupConfig.rc2">
      <Filter>资源文件</Filter>
    </None>
  </ItemGroup>
</Project>