<?xml version="1.0" encoding="utf-8"?>
<Project ToolsVersion="4.0" xmlns="http://schemas.microsoft.com/developer/msbuild/2003">
  <ItemGroup>
    <Filter Include="Source Files">
      <UniqueIdentifier>{3c362e52-9c39-4a4d-b1b7-a7fe98e4bd9f}</UniqueIdentifier>
      <Extensions>cpp;c;cxx;rc;def;r;odl;idl;hpj;bat</Extensions>
    </Filter>
    <Filter Include="Header Files">
      <UniqueIdentifier>{c5555508-4cd9-4ef9-bdbb-8b6fe536d673}</UniqueIdentifier>
      <Extensions>h;hpp;hxx;hm;inl</Extensions>
    </Filter>
  </ItemGroup>
  <ItemGroup>
    <ClCompile Include="..\DbBackupConfig\CommonFun.cpp">
      <Filter>Source Files</Filter>
    </ClCompile>
    <ClCompile Include="..\DbBackupConfig\DBBackFun.cpp">
      <Filter>Source Files</Filter>
    </ClCompile>
    <ClCompile Include="ISecDBHelper.cpp">
      <Filter>Source Files</Filter>
    </ClCompile>
    <ClCompile Include="ProcessExp.cpp">
      <Filter>Source Files</Filter>
    </ClCompile>
    <ClCompile Include="..\DbBackupConfig\RegistryEx.cpp">
      <Filter>Source Files</Filter>
    </ClCompile>
    <ClCompile Include="SecurityTool.cpp">
      <Filter>Source Files</Filter>
    </ClCompile>
    <ClCompile Include="StdAfx.cpp">
      <Filter>Source Files</Filter>
    </ClCompile>
  </ItemGroup>
  <ItemGroup>
    <ResourceCompile Include="ISecDBHelper.rc">
      <Filter>Source Files</Filter>
    </ResourceCompile>
  </ItemGroup>
  <ItemGroup>
    <ClInclude Include="..\DbBackupConfig\CommonFun.h">
      <Filter>Header Files</Filter>
    </ClInclude>
    <ClInclude Include="..\DbBackupConfig\DBBackFun.h">
      <Filter>Header Files</Filter>
    </ClInclude>
    <ClInclude Include="ISecDBHelper.h">
      <Filter>Header Files</Filter>
    </ClInclude>
    <ClInclude Include="ProcessExp.h">
      <Filter>Header Files</Filter>
    </ClInclude>
    <ClInclude Include="..\DbBackupConfig\RegistryEx.h">
      <Filter>Header Files</Filter>
    </ClInclude>
    <ClInclude Include="Resource.h">
      <Filter>Header Files</Filter>
    </ClInclude>
    <ClInclude Include="SecurityTool.h">
      <Filter>Header Files</Filter>
    </ClInclude>
    <ClInclude Include="StdAfx.h">
      <Filter>Header Files</Filter>
    </ClInclude>
  </ItemGroup>
</Project>