
Microsoft Visual Studio Solution File, Format Version 10.00
# Visual Studio 2008
Project("{8BC9CEB8-8B4A-11D0-8D11-00A0C91BC942}") = "iPrintMgrTest", "iPrintMgrTest.vcproj", "{062A6EDE-B4B8-42C2-88A7-1F39C28B6661}"
EndProject
Global
	GlobalSection(SolutionConfigurationPlatforms) = preSolution
		Debug|Win32 = Debug|Win32
		Release|Win32 = Release|Win32
	EndGlobalSection
	GlobalSection(ProjectConfigurationPlatforms) = postSolution
		{062A6EDE-B4B8-42C2-88A7-1F39C28B6661}.Debug|Win32.ActiveCfg = Debug|Win32
		{062A6EDE-B4B8-42C2-88A7-1F39C28B6661}.Debug|Win32.Build.0 = Debug|Win32
		{062A6EDE-B4B8-42C2-88A7-1F39C28B6661}.Release|Win32.ActiveCfg = Release|Win32
		{062A6EDE-B4B8-42C2-88A7-1F39C28B6661}.Release|Win32.Build.0 = Release|Win32
	EndGlobalSection
	GlobalSection(SolutionProperties) = preSolution
		HideSolutionNode = FALSE
	EndGlobalSection
EndGlobal
